
Microsoft Visual Studio Solution File, Format Version 12.00
# Visual Studio 15
VisualStudioVersion = 15.0.27130.2010
MinimumVisualStudioVersion = 10.0.40219.1
Project("{2150E333-8FDC-42A3-9474-1A3956D46DE8}") = "Lib", "Lib", "{37BE6EFD-9201-482A-B0FD-D599C490ADB7}"
EndProject
Project("{2150E333-8FDC-42A3-9474-1A3956D46DE8}") = "Analyzer", "Analyzer", "{0A96B652-B64E-4F21-9EB9-1BC8F7DE2D3E}"
EndProject
Project("{FAE04EC0-301F-11D3-BF4B-00C04F79EFBC}") = "LazyMixin.Test", "LazyMixin.Test\LazyMixin.Test.csproj", "{4B269F2A-8B81-4A58-9D8A-2680EDF7BA57}"
EndProject
Project("{9A19103F-16F7-4668-BE54-9A1E7A4F7556}") = "LazyMixinAnalyzer", "LazyMixinAnalyzer\LazyMixinAnalyzer\LazyMixinAnalyzer.csproj", "{273A2964-6D7C-4397-AAE2-D2539707BDDE}"
EndProject
Project("{FAE04EC0-301F-11D3-BF4B-00C04F79EFBC}") = "LazyMixinAnalyzer.Test", "LazyMixinAnalyzer\LazyMixinAnalyzer.Test\LazyMixinAnalyzer.Test.csproj", "{D7170A8E-3F68-4BE0-8889-B67036BB2F75}"
EndProject
Project("{FAE04EC0-301F-11D3-BF4B-00C04F79EFBC}") = "LazyMixinAnalyzer.Vsix", "LazyMixinAnalyzer\LazyMixinAnalyzer.Vsix\LazyMixinAnalyzer.Vsix.csproj", "{01C7AAF9-EA59-4FAD-A0CB-078ED5FCE090}"
EndProject
Project("{FAE04EC0-301F-11D3-BF4B-00C04F79EFBC}") = "LazyMixin", "LazyMixin\LazyMixin.csproj", "{B0153B2A-AAE8-411E-92CD-627FEC95B303}"
EndProject
Global
	GlobalSection(SolutionConfigurationPlatforms) = preSolution
		Debug|Any CPU = Debug|Any CPU
		Release|Any CPU = Release|Any CPU
	EndGlobalSection
	GlobalSection(ProjectConfigurationPlatforms) = postSolution
		{4B269F2A-8B81-4A58-9D8A-2680EDF7BA57}.Debug|Any CPU.ActiveCfg = Debug|Any CPU
		{4B269F2A-8B81-4A58-9D8A-2680EDF7BA57}.Debug|Any CPU.Build.0 = Debug|Any CPU
		{4B269F2A-8B81-4A58-9D8A-2680EDF7BA57}.Release|Any CPU.ActiveCfg = Release|Any CPU
		{4B269F2A-8B81-4A58-9D8A-2680EDF7BA57}.Release|Any CPU.Build.0 = Release|Any CPU
		{273A2964-6D7C-4397-AAE2-D2539707BDDE}.Debug|Any CPU.ActiveCfg = Debug|Any CPU
		{273A2964-6D7C-4397-AAE2-D2539707BDDE}.Debug|Any CPU.Build.0 = Debug|Any CPU
		{273A2964-6D7C-4397-AAE2-D2539707BDDE}.Release|Any CPU.ActiveCfg = Release|Any CPU
		{273A2964-6D7C-4397-AAE2-D2539707BDDE}.Release|Any CPU.Build.0 = Release|Any CPU
		{D7170A8E-3F68-4BE0-8889-B67036BB2F75}.Debug|Any CPU.ActiveCfg = Debug|Any CPU
		{D7170A8E-3F68-4BE0-8889-B67036BB2F75}.Debug|Any CPU.Build.0 = Debug|Any CPU
		{D7170A8E-3F68-4BE0-8889-B67036BB2F75}.Release|Any CPU.ActiveCfg = Release|Any CPU
		{D7170A8E-3F68-4BE0-8889-B67036BB2F75}.Release|Any CPU.Build.0 = Release|Any CPU
		{01C7AAF9-EA59-4FAD-A0CB-078ED5FCE090}.Debug|Any CPU.ActiveCfg = Debug|Any CPU
		{01C7AAF9-EA59-4FAD-A0CB-078ED5FCE090}.Debug|Any CPU.Build.0 = Debug|Any CPU
		{01C7AAF9-EA59-4FAD-A0CB-078ED5FCE090}.Release|Any CPU.ActiveCfg = Release|Any CPU
		{01C7AAF9-EA59-4FAD-A0CB-078ED5FCE090}.Release|Any CPU.Build.0 = Release|Any CPU
		{B0153B2A-AAE8-411E-92CD-627FEC95B303}.Debug|Any CPU.ActiveCfg = Debug|Any CPU
		{B0153B2A-AAE8-411E-92CD-627FEC95B303}.Debug|Any CPU.Build.0 = Debug|Any CPU
		{B0153B2A-AAE8-411E-92CD-627FEC95B303}.Release|Any CPU.ActiveCfg = Release|Any CPU
		{B0153B2A-AAE8-411E-92CD-627FEC95B303}.Release|Any CPU.Build.0 = Release|Any CPU
	EndGlobalSection
	GlobalSection(SolutionProperties) = preSolution
		HideSolutionNode = FALSE
	EndGlobalSection
	GlobalSection(NestedProjects) = preSolution
		{4B269F2A-8B81-4A58-9D8A-2680EDF7BA57} = {37BE6EFD-9201-482A-B0FD-D599C490ADB7}
		{273A2964-6D7C-4397-AAE2-D2539707BDDE} = {0A96B652-B64E-4F21-9EB9-1BC8F7DE2D3E}
		{D7170A8E-3F68-4BE0-8889-B67036BB2F75} = {0A96B652-B64E-4F21-9EB9-1BC8F7DE2D3E}
		{01C7AAF9-EA59-4FAD-A0CB-078ED5FCE090} = {0A96B652-B64E-4F21-9EB9-1BC8F7DE2D3E}
		{B0153B2A-AAE8-411E-92CD-627FEC95B303} = {37BE6EFD-9201-482A-B0FD-D599C490ADB7}
	EndGlobalSection
	GlobalSection(ExtensibilityGlobals) = postSolution
		SolutionGuid = {BADDBD70-EF7C-42F5-8BCF-4AC5742E9A73}
	EndGlobalSection
EndGlobal
